
Microsoft Visual Studio Solution File, Format Version 12.00
# Visual Studio Version 17
VisualStudioVersion = 17.9.34723.18
MinimumVisualStudioVersion = 10.0.40219.1
Project("{FAE04EC0-301F-11D3-BF4B-00C04F79EFBC}") = "PGPApplicationTool", "PGPApplicationTool.csproj", "{D19854A7-FE60-4E38-B70D-8E398FB2CBBF}"
EndProject
Global
	GlobalSection(SolutionConfigurationPlatforms) = preSolution
		Debug|Any CPU = Debug|Any CPU
		Release|Any CPU = Release|Any CPU
	EndGlobalSection
	GlobalSection(ProjectConfigurationPlatforms) = postSolution
		{D19854A7-FE60-4E38-B70D-8E398FB2CBBF}.Debug|Any CPU.ActiveCfg = Debug|Any CPU
		{D19854A7-FE60-4E38-B70D-8E398FB2CBBF}.Debug|Any CPU.Build.0 = Debug|Any CPU
		{D19854A7-FE60-4E38-B70D-8E398FB2CBBF}.Release|Any CPU.ActiveCfg = Release|Any CPU
		{D19854A7-FE60-4E38-B70D-8E398FB2CBBF}.Release|Any CPU.Build.0 = Release|Any CPU
	EndGlobalSection
	GlobalSection(SolutionProperties) = preSolution
		HideSolutionNode = FALSE
	EndGlobalSection
	GlobalSection(ExtensibilityGlobals) = postSolution
		SolutionGuid = {B436ADA7-5BED-4BEB-994D-185EAFFC0D44}
	EndGlobalSection
EndGlobal
